
Microsoft Visual Studio Solution File, Format Version 11.00
# Visual Studio 2010
Project("{FAE04EC0-301F-11D3-BF4B-00C04F79EFBC}") = "CP.TicketAllocator.View", "CP.TicketAllocator\CP.TicketAllocator.View.csproj", "{B868FE45-3914-48C0-8C87-A51CA95B7760}"
EndProject
Project("{FAE04EC0-301F-11D3-BF4B-00C04F79EFBC}") = "CP.TicketAllocator.CustomControls", "CP.TicketAllocator.CustomControls\CP.TicketAllocator.CustomControls.csproj", "{07598188-ACC3-4637-A433-E0EAD7EE2707}"
EndProject
Project("{FAE04EC0-301F-11D3-BF4B-00C04F79EFBC}") = "CP.TicketAllocator.ViewModel", "CP.TicketAllocator.ViewModel\CP.TicketAllocator.ViewModel.csproj", "{821E1979-237C-477A-A201-D91D18004036}"
EndProject
Project("{FAE04EC0-301F-11D3-BF4B-00C04F79EFBC}") = "CP.TicketAllocator.Logger", "CP.TicketAllocator.Logger\CP.TicketAllocator.Logger.csproj", "{9D543D3E-3D74-4816-9DF8-C3E9171349FC}"
EndProject
Project("{2150E333-8FDC-42A3-9474-1A3956D46DE8}") = "Solution Items", "Solution Items", "{32D0DC1C-BE44-4322-B46C-107985E3E24B}"
	ProjectSection(SolutionItems) = preProject
		Local.testsettings = Local.testsettings
		TicketAllocator.vsmdi = TicketAllocator.vsmdi
		TraceAndTestImpact.testsettings = TraceAndTestImpact.testsettings
	EndProjectSection
EndProject
Global
	GlobalSection(TestCaseManagementSettings) = postSolution
		CategoryFile = TicketAllocator.vsmdi
	EndGlobalSection
	GlobalSection(SolutionConfigurationPlatforms) = preSolution
		Debug|Any CPU = Debug|Any CPU
		Debug|Mixed Platforms = Debug|Mixed Platforms
		Debug|x86 = Debug|x86
		Release|Any CPU = Release|Any CPU
		Release|Mixed Platforms = Release|Mixed Platforms
		Release|x86 = Release|x86
	EndGlobalSection
	GlobalSection(ProjectConfigurationPlatforms) = postSolution
		{B868FE45-3914-48C0-8C87-A51CA95B7760}.Debug|Any CPU.ActiveCfg = Debug|x86
		{B868FE45-3914-48C0-8C87-A51CA95B7760}.Debug|Mixed Platforms.ActiveCfg = Debug|x86
		{B868FE45-3914-48C0-8C87-A51CA95B7760}.Debug|Mixed Platforms.Build.0 = Debug|x86
		{B868FE45-3914-48C0-8C87-A51CA95B7760}.Debug|x86.ActiveCfg = Debug|x86
		{B868FE45-3914-48C0-8C87-A51CA95B7760}.Debug|x86.Build.0 = Debug|x86
		{B868FE45-3914-48C0-8C87-A51CA95B7760}.Release|Any CPU.ActiveCfg = Release|x86
		{B868FE45-3914-48C0-8C87-A51CA95B7760}.Release|Mixed Platforms.ActiveCfg = Release|x86
		{B868FE45-3914-48C0-8C87-A51CA95B7760}.Release|Mixed Platforms.Build.0 = Release|x86
		{B868FE45-3914-48C0-8C87-A51CA95B7760}.Release|x86.ActiveCfg = Release|x86
		{B868FE45-3914-48C0-8C87-A51CA95B7760}.Release|x86.Build.0 = Release|x86
		{07598188-ACC3-4637-A433-E0EAD7EE2707}.Debug|Any CPU.ActiveCfg = Debug|Any CPU
		{07598188-ACC3-4637-A433-E0EAD7EE2707}.Debug|Any CPU.Build.0 = Debug|Any CPU
		{07598188-ACC3-4637-A433-E0EAD7EE2707}.Debug|Mixed Platforms.ActiveCfg = Debug|Any CPU
		{07598188-ACC3-4637-A433-E0EAD7EE2707}.Debug|Mixed Platforms.Build.0 = Debug|Any CPU
		{07598188-ACC3-4637-A433-E0EAD7EE2707}.Debug|x86.ActiveCfg = Debug|Any CPU
		{07598188-ACC3-4637-A433-E0EAD7EE2707}.Release|Any CPU.ActiveCfg = Release|Any CPU
		{07598188-ACC3-4637-A433-E0EAD7EE2707}.Release|Any CPU.Build.0 = Release|Any CPU
		{07598188-ACC3-4637-A433-E0EAD7EE2707}.Release|Mixed Platforms.ActiveCfg = Release|Any CPU
		{07598188-ACC3-4637-A433-E0EAD7EE2707}.Release|Mixed Platforms.Build.0 = Release|Any CPU
		{07598188-ACC3-4637-A433-E0EAD7EE2707}.Release|x86.ActiveCfg = Release|Any CPU
		{821E1979-237C-477A-A201-D91D18004036}.Debug|Any CPU.ActiveCfg = Debug|Any CPU
		{821E1979-237C-477A-A201-D91D18004036}.Debug|Any CPU.Build.0 = Debug|Any CPU
		{821E1979-237C-477A-A201-D91D18004036}.Debug|Mixed Platforms.ActiveCfg = Debug|Any CPU
		{821E1979-237C-477A-A201-D91D18004036}.Debug|Mixed Platforms.Build.0 = Debug|Any CPU
		{821E1979-237C-477A-A201-D91D18004036}.Debug|x86.ActiveCfg = Debug|Any CPU
		{821E1979-237C-477A-A201-D91D18004036}.Release|Any CPU.ActiveCfg = Release|Any CPU
		{821E1979-237C-477A-A201-D91D18004036}.Release|Any CPU.Build.0 = Release|Any CPU
		{821E1979-237C-477A-A201-D91D18004036}.Release|Mixed Platforms.ActiveCfg = Release|Any CPU
		{821E1979-237C-477A-A201-D91D18004036}.Release|Mixed Platforms.Build.0 = Release|Any CPU
		{821E1979-237C-477A-A201-D91D18004036}.Release|x86.ActiveCfg = Release|Any CPU
		{9D543D3E-3D74-4816-9DF8-C3E9171349FC}.Debug|Any CPU.ActiveCfg = Debug|Any CPU
		{9D543D3E-3D74-4816-9DF8-C3E9171349FC}.Debug|Any CPU.Build.0 = Debug|Any CPU
		{9D543D3E-3D74-4816-9DF8-C3E9171349FC}.Debug|Mixed Platforms.ActiveCfg = Debug|Any CPU
		{9D543D3E-3D74-4816-9DF8-C3E9171349FC}.Debug|Mixed Platforms.Build.0 = Debug|Any CPU
		{9D543D3E-3D74-4816-9DF8-C3E9171349FC}.Debug|x86.ActiveCfg = Debug|Any CPU
		{9D543D3E-3D74-4816-9DF8-C3E9171349FC}.Release|Any CPU.ActiveCfg = Release|Any CPU
		{9D543D3E-3D74-4816-9DF8-C3E9171349FC}.Release|Any CPU.Build.0 = Release|Any CPU
		{9D543D3E-3D74-4816-9DF8-C3E9171349FC}.Release|Mixed Platforms.ActiveCfg = Release|Any CPU
		{9D543D3E-3D74-4816-9DF8-C3E9171349FC}.Release|Mixed Platforms.Build.0 = Release|Any CPU
		{9D543D3E-3D74-4816-9DF8-C3E9171349FC}.Release|x86.ActiveCfg = Release|Any CPU
	EndGlobalSection
	GlobalSection(SolutionProperties) = preSolution
		HideSolutionNode = FALSE
	EndGlobalSection
EndGlobal
